
Microsoft Visual Studio Solution File, Format Version 12.00
# Visual Studio Version 17
VisualStudioVersion = 17.13.35931.197
MinimumVisualStudioVersion = 10.0.40219.1
Project("{FAE04EC0-301F-11D3-BF4B-00C04F79EFBC}") = "IdentityService.API", "src\IdentityService.API\IdentityService.API.csproj", "{92DE67D2-C0D5-9EBD-C59B-416083B71248}"
EndProject
Project("{FAE04EC0-301F-11D3-BF4B-00C04F79EFBC}") = "IdentityService.Application", "src\IdentityService.Application\IdentityService.Application.csproj", "{F8BD0B97-5A0D-4F81-4B7B-121262170525}"
EndProject
Project("{FAE04EC0-301F-11D3-BF4B-00C04F79EFBC}") = "IndentityService.Domain", "src\IndentityService.Domain\IndentityService.Domain.csproj", "{D87436FB-405D-FF7B-92B3-222AF0C2C3FA}"
EndProject
Project("{FAE04EC0-301F-11D3-BF4B-00C04F79EFBC}") = "IdentityService.Infrastructure", "src\IdentityService.Infrastructure\IdentityService.Infrastructure.csproj", "{9C921A14-3DAD-29ED-BE51-9B5702382AD3}"
EndProject
Project("{2150E333-8FDC-42A3-9474-1A3956D46DE8}") = "src", "src", "{02EA681E-C7D8-13C7-8484-4AC65E1B71E8}"
EndProject
Global
	GlobalSection(SolutionConfigurationPlatforms) = preSolution
		Debug|Any CPU = Debug|Any CPU
		Release|Any CPU = Release|Any CPU
	EndGlobalSection
	GlobalSection(ProjectConfigurationPlatforms) = postSolution
		{92DE67D2-C0D5-9EBD-C59B-416083B71248}.Debug|Any CPU.ActiveCfg = Debug|Any CPU
		{92DE67D2-C0D5-9EBD-C59B-416083B71248}.Debug|Any CPU.Build.0 = Debug|Any CPU
		{92DE67D2-C0D5-9EBD-C59B-416083B71248}.Release|Any CPU.ActiveCfg = Release|Any CPU
		{92DE67D2-C0D5-9EBD-C59B-416083B71248}.Release|Any CPU.Build.0 = Release|Any CPU
		{F8BD0B97-5A0D-4F81-4B7B-121262170525}.Debug|Any CPU.ActiveCfg = Debug|Any CPU
		{F8BD0B97-5A0D-4F81-4B7B-121262170525}.Debug|Any CPU.Build.0 = Debug|Any CPU
		{F8BD0B97-5A0D-4F81-4B7B-121262170525}.Release|Any CPU.ActiveCfg = Release|Any CPU
		{F8BD0B97-5A0D-4F81-4B7B-121262170525}.Release|Any CPU.Build.0 = Release|Any CPU
		{D87436FB-405D-FF7B-92B3-222AF0C2C3FA}.Debug|Any CPU.ActiveCfg = Debug|Any CPU
		{D87436FB-405D-FF7B-92B3-222AF0C2C3FA}.Debug|Any CPU.Build.0 = Debug|Any CPU
		{D87436FB-405D-FF7B-92B3-222AF0C2C3FA}.Release|Any CPU.ActiveCfg = Release|Any CPU
		{D87436FB-405D-FF7B-92B3-222AF0C2C3FA}.Release|Any CPU.Build.0 = Release|Any CPU
		{9C921A14-3DAD-29ED-BE51-9B5702382AD3}.Debug|Any CPU.ActiveCfg = Debug|Any CPU
		{9C921A14-3DAD-29ED-BE51-9B5702382AD3}.Debug|Any CPU.Build.0 = Debug|Any CPU
		{9C921A14-3DAD-29ED-BE51-9B5702382AD3}.Release|Any CPU.ActiveCfg = Release|Any CPU
		{9C921A14-3DAD-29ED-BE51-9B5702382AD3}.Release|Any CPU.Build.0 = Release|Any CPU
	EndGlobalSection
	GlobalSection(SolutionProperties) = preSolution
		HideSolutionNode = FALSE
	EndGlobalSection
	GlobalSection(NestedProjects) = preSolution
		{92DE67D2-C0D5-9EBD-C59B-416083B71248} = {02EA681E-C7D8-13C7-8484-4AC65E1B71E8}
		{F8BD0B97-5A0D-4F81-4B7B-121262170525} = {02EA681E-C7D8-13C7-8484-4AC65E1B71E8}
		{D87436FB-405D-FF7B-92B3-222AF0C2C3FA} = {02EA681E-C7D8-13C7-8484-4AC65E1B71E8}
		{9C921A14-3DAD-29ED-BE51-9B5702382AD3} = {02EA681E-C7D8-13C7-8484-4AC65E1B71E8}
	EndGlobalSection
	GlobalSection(ExtensibilityGlobals) = postSolution
		SolutionGuid = {008802B3-DDB8-414E-B07C-353905FC74F2}
	EndGlobalSection
EndGlobal
